
Microsoft Visual Studio Solution File, Format Version 12.00
# Visual Studio Version 17
VisualStudioVersion = 17.7.34031.279
MinimumVisualStudioVersion = 10.0.40219.1
Project("{9A19103F-16F7-4668-BE54-9A1E7A4F7556}") = "UWSN", "UWSN\UWSN.csproj", "{5A1A7AA7-869B-4FF7-B317-5770A2C8882D}"
EndProject
Project("{FAE04EC0-301F-11D3-BF4B-00C04F79EFBC}") = "GeneticAlgorithm", "GeneticAlgorithm\GeneticAlgorithm.csproj", "{0936C3DE-E17F-446C-8856-9691B3B4983D}"
EndProject
Global
	GlobalSection(SolutionConfigurationPlatforms) = preSolution
		Debug|Any CPU = Debug|Any CPU
		Release|Any CPU = Release|Any CPU
	EndGlobalSection
	GlobalSection(ProjectConfigurationPlatforms) = postSolution
		{5A1A7AA7-869B-4FF7-B317-5770A2C8882D}.Debug|Any CPU.ActiveCfg = Debug|Any CPU
		{5A1A7AA7-869B-4FF7-B317-5770A2C8882D}.Debug|Any CPU.Build.0 = Debug|Any CPU
		{5A1A7AA7-869B-4FF7-B317-5770A2C8882D}.Release|Any CPU.ActiveCfg = Release|Any CPU
		{5A1A7AA7-869B-4FF7-B317-5770A2C8882D}.Release|Any CPU.Build.0 = Release|Any CPU
		{0936C3DE-E17F-446C-8856-9691B3B4983D}.Debug|Any CPU.ActiveCfg = Debug|Any CPU
		{0936C3DE-E17F-446C-8856-9691B3B4983D}.Debug|Any CPU.Build.0 = Debug|Any CPU
		{0936C3DE-E17F-446C-8856-9691B3B4983D}.Release|Any CPU.ActiveCfg = Release|Any CPU
		{0936C3DE-E17F-446C-8856-9691B3B4983D}.Release|Any CPU.Build.0 = Release|Any CPU
	EndGlobalSection
	GlobalSection(SolutionProperties) = preSolution
		HideSolutionNode = FALSE
	EndGlobalSection
	GlobalSection(ExtensibilityGlobals) = postSolution
		SolutionGuid = {60165F2F-1A7F-43C4-82F2-E8F468A0C6B3}
	EndGlobalSection
EndGlobal
